header:
    version: 14
overrides:
    repos:
        lnxdsp-adi-meta:
            commit: ad2203c11723b07727589a8eebe33f3129cc236a
        meta-freescale:
            commit: 3e9ef23d98aa842cf84251a27c9b8dde8925ea61
        meta-freescale-3rdparty:
            commit: 1a6ea560015ecda5fff8eccaf5b1327f1bb6c57f
        meta-freescale-distro:
            commit: d5bbb487b2816dfc74984a78b67f7361ce404253
        meta-iris:
            commit: db44863b7d64e54311323f227c21cb2c4e5cacbe
        meta-iris-base:
            commit: 9234024816b39a6cd50f99960de2c93dacd51bab
        meta-iris-thirdparty:
            commit: f421d0d8fdb564ef427b1db3e4d52571271f1648
        meta-openembedded:
            commit: a88cb922f91fda95e8a584cee3092083d5ad3e98
        meta-secure-imx:
            commit: 20d409a5e75758a8df7bb07e086a36377fbe16d9
        meta-swupdate:
            commit: 7a85c71f40c4bf445f041fa7aad70733c9cbc0ba
        meta-virtualization:
            commit: 2d8b3cba8ff27c9ec2187a52b6a551fe1dcfaa07
        poky:
            commit: e51bf557f596c4da38789a948a3228ba11455e3c
