header:
    version: 14
overrides:
    repos:
        lnxdsp-adi-meta:
            commit: ad2203c11723b07727589a8eebe33f3129cc236a
        meta-iris:
            commit: 974e232191f352c73cd42406bbb0f299eea3d05c
        meta-iris-base:
            commit: e2f9d3def5e7d3739403b10d10cd2f1513eaff0e
        meta-iris-thirdparty:
            commit: f421d0d8fdb564ef427b1db3e4d52571271f1648
        meta-openembedded:
            commit: 5a6f7925bd2b885955c942573f70a5594f231563
        meta-osselot:
            commit: f7c41f88007d3475bfa1d57f657ebbeb1b82668c
        meta-virtualization:
            commit: cb2bc17e96552cdfc141d27bd9f4dbd95a872846
        poky:
            commit: 2b21c6009aa6b955e1a0e7312c3c0ad66557681b
