header:
    version: 14
overrides:
    repos:
        lnxdsp-adi-meta:
            commit: ad2203c11723b07727589a8eebe33f3129cc236a
        meta-cyclonedx:
            commit: a291529e4544a196a6b6c50cb76efe44347f28b3
        meta-iris:
            commit: 77d85a34522ece7457f8781ac9fab4de346ca77d
        meta-iris-base:
            commit: 37a574b45af046d07bd63df177a6a8bedaed8329
        meta-iris-thirdparty:
            commit: 85e0834563d46f41760e6bf0489892425dbc618f
        meta-openembedded:
            commit: dd3d2293ffdf2559f8a433f241765a8ab50cd085
        meta-osselot:
            commit: f11c8c6726ce136a34af05f879c0330c24270ce4
        poky:
            commit: 7e87dc422d972e0dc98372318fcdc63a76347d16
