header:
    version: 14
overrides:
    repos:
        lnxdsp-adi-meta:
            commit: ad2203c11723b07727589a8eebe33f3129cc236a
        meta-freescale:
            commit: 3e9ef23d98aa842cf84251a27c9b8dde8925ea61
        meta-freescale-3rdparty:
            commit: 6dbdabe09e410818dcda8801e1cbd8b68d539e63
        meta-freescale-distro:
            commit: d5bbb487b2816dfc74984a78b67f7361ce404253
        meta-iris:
            commit: b98a4a49204e50827adb6cb948aa98e91182eb5c
        meta-iris-base:
            commit: b05167d371bc6b99077ec06f7672392b6deaf2a5
        meta-iris-thirdparty:
            commit: 10924b533eefd20e24cf694b5fbbfb28c69380ac
        meta-openembedded:
            commit: 529620141e773080a6a7be4615fb7993204af883
        meta-secure-imx:
            commit: bb6e0f6d1e5de695c8c7f80e8158ec326db61226
        meta-swupdate:
            commit: 7a85c71f40c4bf445f041fa7aad70733c9cbc0ba
        meta-virtualization:
            commit: e60f59f3567b78286ea34337dbae468a5f18f1c6
        poky:
            commit: e42cc7d900fd2f1b6a12184cb3e4c81d5bda5206
